
Microsoft Visual Studio Solution File, Format Version 12.00
# Visual Studio Version 17
VisualStudioVersion = 17.4.33205.214
MinimumVisualStudioVersion = 10.0.40219.1
Project("{FAE04EC0-301F-11D3-BF4B-00C04F79EFBC}") = "TMLClassicIdentity", "TMLClassicIdentity\TMLClassicIdentity.csproj", "{A886E18D-77ED-45FE-8715-5532F0978FBB}"
EndProject
Global
	GlobalSection(SolutionConfigurationPlatforms) = preSolution
		Debug|Any CPU = Debug|Any CPU
		Release|Any CPU = Release|Any CPU
	EndGlobalSection
	GlobalSection(ProjectConfigurationPlatforms) = postSolution
		{A886E18D-77ED-45FE-8715-5532F0978FBB}.Debug|Any CPU.ActiveCfg = Debug|Any CPU
		{A886E18D-77ED-45FE-8715-5532F0978FBB}.Debug|Any CPU.Build.0 = Debug|Any CPU
		{A886E18D-77ED-45FE-8715-5532F0978FBB}.Release|Any CPU.ActiveCfg = Release|Any CPU
		{A886E18D-77ED-45FE-8715-5532F0978FBB}.Release|Any CPU.Build.0 = Release|Any CPU
	EndGlobalSection
	GlobalSection(SolutionProperties) = preSolution
		HideSolutionNode = FALSE
	EndGlobalSection
	GlobalSection(ExtensibilityGlobals) = postSolution
		SolutionGuid = {DE62EB56-A0A9-4724-89E2-6C9F9892123B}
	EndGlobalSection
EndGlobal
